
Microsoft Visual Studio Solution File, Format Version 12.00
# Visual Studio Version 17
VisualStudioVersion = 17.0.32112.339
MinimumVisualStudioVersion = 10.0.40219.1
Project("{9A19103F-16F7-4668-BE54-9A1E7A4F7556}") = "Server", "Server\Server.csproj", "{A5761FC5-7187-4480-9E7D-AD0A148CFC76}"
EndProject
Project("{9A19103F-16F7-4668-BE54-9A1E7A4F7556}") = "Client", "Client\Client.csproj", "{DBC624C7-C293-4512-AF9E-EB362F06EE91}"
EndProject
Project("{9A19103F-16F7-4668-BE54-9A1E7A4F7556}") = "Library", "Library\Library.csproj", "{50EEF4DD-9E31-44EC-816B-84CFA32A4186}"
EndProject
Project("{FAE04EC0-301F-11D3-BF4B-00C04F79EFBC}") = "MessagePack", "MessagePack\MessagePack.csproj", "{20E85368-0F90-4396-BEAB-DC05E3A90FB3}"
EndProject
Project("{FAE04EC0-301F-11D3-BF4B-00C04F79EFBC}") = "Test", "Test\Test.csproj", "{19CEEF9A-E588-40A3-810E-A5709D325D8F}"
EndProject
Global
	GlobalSection(SolutionConfigurationPlatforms) = preSolution
		Debug|Any CPU = Debug|Any CPU
		Release|Any CPU = Release|Any CPU
	EndGlobalSection
	GlobalSection(ProjectConfigurationPlatforms) = postSolution
		{A5761FC5-7187-4480-9E7D-AD0A148CFC76}.Debug|Any CPU.ActiveCfg = Debug|Any CPU
		{A5761FC5-7187-4480-9E7D-AD0A148CFC76}.Debug|Any CPU.Build.0 = Debug|Any CPU
		{A5761FC5-7187-4480-9E7D-AD0A148CFC76}.Release|Any CPU.ActiveCfg = Release|Any CPU
		{A5761FC5-7187-4480-9E7D-AD0A148CFC76}.Release|Any CPU.Build.0 = Release|Any CPU
		{DBC624C7-C293-4512-AF9E-EB362F06EE91}.Debug|Any CPU.ActiveCfg = Debug|Any CPU
		{DBC624C7-C293-4512-AF9E-EB362F06EE91}.Debug|Any CPU.Build.0 = Debug|Any CPU
		{DBC624C7-C293-4512-AF9E-EB362F06EE91}.Release|Any CPU.ActiveCfg = Release|Any CPU
		{DBC624C7-C293-4512-AF9E-EB362F06EE91}.Release|Any CPU.Build.0 = Release|Any CPU
		{50EEF4DD-9E31-44EC-816B-84CFA32A4186}.Debug|Any CPU.ActiveCfg = Debug|Any CPU
		{50EEF4DD-9E31-44EC-816B-84CFA32A4186}.Debug|Any CPU.Build.0 = Debug|Any CPU
		{50EEF4DD-9E31-44EC-816B-84CFA32A4186}.Release|Any CPU.ActiveCfg = Release|Any CPU
		{50EEF4DD-9E31-44EC-816B-84CFA32A4186}.Release|Any CPU.Build.0 = Release|Any CPU
		{20E85368-0F90-4396-BEAB-DC05E3A90FB3}.Debug|Any CPU.ActiveCfg = Debug|Any CPU
		{20E85368-0F90-4396-BEAB-DC05E3A90FB3}.Debug|Any CPU.Build.0 = Debug|Any CPU
		{20E85368-0F90-4396-BEAB-DC05E3A90FB3}.Release|Any CPU.ActiveCfg = Release|Any CPU
		{20E85368-0F90-4396-BEAB-DC05E3A90FB3}.Release|Any CPU.Build.0 = Release|Any CPU
		{19CEEF9A-E588-40A3-810E-A5709D325D8F}.Debug|Any CPU.ActiveCfg = Debug|Any CPU
		{19CEEF9A-E588-40A3-810E-A5709D325D8F}.Debug|Any CPU.Build.0 = Debug|Any CPU
		{19CEEF9A-E588-40A3-810E-A5709D325D8F}.Release|Any CPU.ActiveCfg = Release|Any CPU
		{19CEEF9A-E588-40A3-810E-A5709D325D8F}.Release|Any CPU.Build.0 = Release|Any CPU
	EndGlobalSection
	GlobalSection(SolutionProperties) = preSolution
		HideSolutionNode = FALSE
	EndGlobalSection
	GlobalSection(ExtensibilityGlobals) = postSolution
		SolutionGuid = {59675262-8ACC-4F9A-9C7A-931845DA8E99}
	EndGlobalSection
EndGlobal
